
Microsoft Visual Studio Solution File, Format Version 12.00
# Visual Studio Version 16
VisualStudioVersion = 16.0.30717.126
MinimumVisualStudioVersion = 10.0.40219.1
Project("{9A19103F-16F7-4668-BE54-9A1E7A4F7556}") = "SubsetSearch", "SubsetSearch\SubsetSearch.csproj", "{AEDB85E8-45FA-4ED6-813B-02231D8F91F7}"
EndProject
Global
	GlobalSection(SolutionConfigurationPlatforms) = preSolution
		Debug|Any CPU = Debug|Any CPU
		Release|Any CPU = Release|Any CPU
	EndGlobalSection
	GlobalSection(ProjectConfigurationPlatforms) = postSolution
		{AEDB85E8-45FA-4ED6-813B-02231D8F91F7}.Debug|Any CPU.ActiveCfg = Debug|Any CPU
		{AEDB85E8-45FA-4ED6-813B-02231D8F91F7}.Debug|Any CPU.Build.0 = Debug|Any CPU
		{AEDB85E8-45FA-4ED6-813B-02231D8F91F7}.Release|Any CPU.ActiveCfg = Release|Any CPU
		{AEDB85E8-45FA-4ED6-813B-02231D8F91F7}.Release|Any CPU.Build.0 = Release|Any CPU
	EndGlobalSection
	GlobalSection(SolutionProperties) = preSolution
		HideSolutionNode = FALSE
	EndGlobalSection
	GlobalSection(ExtensibilityGlobals) = postSolution
		SolutionGuid = {9F708F8D-F94A-4E24-9FE3-C33527AB008D}
	EndGlobalSection
EndGlobal
